<?xml version="1.0" encoding="utf-8"?>
<Project ToolsVersion="4.0" xmlns="http://schemas.microsoft.com/developer/msbuild/2003">
  <ItemGroup>
    <ClCompile Include="bmp.cpp" />
    <ClCompile Include="frame_renderer.cpp" />
    <ClCompile Include="sphere.cpp" />
    <ClCompile Include="main.cpp" />
    <ClCompile Include="benchmark.cpp" />
    <ClCompile Include="common.cpp" />
    <ClCompile Include="vec3.cpp" />
    <ClCompile Include="chunk_generator.cpp" />
    <ClCompile Include="thread_pool.cpp" />
    <ClCompile Include="stdafx.cpp" />
    <ClCompile Include="material.cpp" />
    <ClCompile Include="aabb.cpp" />
  </ItemGroup>
  <ItemGroup>
    <ClInclude Include="bmp.h" />
    <ClInclude Include="camera.h" />
    <ClInclude Include="frame_renderer.h" />
    <ClInclude Include="sphere.h" />
    <ClInclude Include="ray.h" />
    <ClInclude Include="benchmark.h" />
    <ClInclude Include="common.h" />
    <ClInclude Include="vec3.h" />
    <ClInclude Include="chunk_generator.h" />
    <ClInclude Include="thread_pool.h" />
    <ClInclude Include="stdafx.h" />
    <ClInclude Include="material.h" />
    <ClInclude Include="aabb.h" />
    <ClInclude Include="texture.h" />
  </ItemGroup>
  <ItemGroup>
    <Image Include="image_0.bmp" />
  </ItemGroup>
</Project>