<?xml version="1.0" encoding="utf-8"?>
<Project ToolsVersion="4.0" xmlns="http://schemas.microsoft.com/developer/msbuild/2003">
  <ItemGroup>
    <ClCompile Include="main.cpp" />
    <ClCompile Include="stdafx.cpp" />
    <ClCompile Include="..\ThirtParty\imgui_v1.87\imgui.cpp">
      <Filter>imgui</Filter>
    </ClCompile>
    <ClCompile Include="..\ThirtParty\imgui_v1.87\imgui_demo.cpp">
      <Filter>imgui</Filter>
    </ClCompile>
    <ClCompile Include="..\ThirtParty\imgui_v1.87\imgui_draw.cpp">
      <Filter>imgui</Filter>
    </ClCompile>
    <ClCompile Include="..\ThirtParty\imgui_v1.87\imgui_tables.cpp">
      <Filter>imgui</Filter>
    </ClCompile>
    <ClCompile Include="..\ThirtParty\imgui_v1.87\imgui_widgets.cpp">
      <Filter>imgui</Filter>
    </ClCompile>
    <ClCompile Include="..\ThirtParty\imgui_v1.87\backends\imgui_impl_dx11.cpp">
      <Filter>imgui</Filter>
    </ClCompile>
    <ClCompile Include="..\ThirtParty\imgui_v1.87\backends\imgui_impl_win32.cpp">
      <Filter>imgui</Filter>
    </ClCompile>
    <ClCompile Include="gfx\bmp.cpp">
      <Filter>gfx</Filter>
    </ClCompile>
    <ClCompile Include="gfx\dx11_helper.cpp">
      <Filter>gfx</Filter>
    </ClCompile>
    <ClCompile Include="processing\async_renderer_base.cpp">
      <Filter>processing</Filter>
    </ClCompile>
    <ClCompile Include="processing\benchmark.cpp">
      <Filter>processing</Filter>
    </ClCompile>
    <ClCompile Include="processing\chunk_generator.cpp">
      <Filter>processing</Filter>
    </ClCompile>
    <ClCompile Include="app\app.cpp">
      <Filter>app</Filter>
    </ClCompile>
    <ClCompile Include="app\exceptions.cpp">
      <Filter>app</Filter>
    </ClCompile>
    <ClCompile Include="app\ui\app_ui.cpp">
      <Filter>app\ui</Filter>
    </ClCompile>
    <ClCompile Include="app\ui\hittables_ui.cpp">
      <Filter>app\ui</Filter>
    </ClCompile>
    <ClCompile Include="app\ui\materials_ui.cpp">
      <Filter>app\ui</Filter>
    </ClCompile>
    <ClCompile Include="app\json\app_json.cpp">
      <Filter>app\json</Filter>
    </ClCompile>
    <ClCompile Include="app\json\camera_json.cpp">
      <Filter>app\json</Filter>
    </ClCompile>
    <ClCompile Include="app\json\frame_renderer_json.cpp">
      <Filter>app\json</Filter>
    </ClCompile>
    <ClCompile Include="app\json\hittables_json.cpp">
      <Filter>app\json</Filter>
    </ClCompile>
    <ClCompile Include="app\json\materials_json.cpp">
      <Filter>app\json</Filter>
    </ClCompile>
    <ClCompile Include="app\json\vec3_json.cpp">
      <Filter>app\json</Filter>
    </ClCompile>
    <ClCompile Include="math\aabb.cpp">
      <Filter>math</Filter>
    </ClCompile>
    <ClCompile Include="math\common.cpp">
      <Filter>math</Filter>
    </ClCompile>
    <ClCompile Include="math\hittables.cpp">
      <Filter>math</Filter>
    </ClCompile>
    <ClCompile Include="renderers\example_renderer.cpp">
      <Filter>renderers</Filter>
    </ClCompile>
    <ClCompile Include="renderers\reference_renderer.cpp">
      <Filter>renderers</Filter>
    </ClCompile>
    <ClCompile Include="app\factories.cpp">
      <Filter>app</Filter>
    </ClCompile>
    <ClCompile Include="renderers\preview_renderer.cpp">
      <Filter>renderers</Filter>
    </ClCompile>
    <ClCompile Include="renderers\ispc_renderer.cpp">
      <Filter>renderers</Filter>
    </ClCompile>
  </ItemGroup>
  <ItemGroup>
    <ClInclude Include="stdafx.h" />
    <ClInclude Include="..\ThirtParty\imgui_v1.87\imconfig.h">
      <Filter>imgui</Filter>
    </ClInclude>
    <ClInclude Include="..\ThirtParty\imgui_v1.87\imgui.h">
      <Filter>imgui</Filter>
    </ClInclude>
    <ClInclude Include="..\ThirtParty\imgui_v1.87\imgui_internal.h">
      <Filter>imgui</Filter>
    </ClInclude>
    <ClInclude Include="..\ThirtParty\imgui_v1.87\imstb_rectpack.h">
      <Filter>imgui</Filter>
    </ClInclude>
    <ClInclude Include="..\ThirtParty\imgui_v1.87\imstb_textedit.h">
      <Filter>imgui</Filter>
    </ClInclude>
    <ClInclude Include="..\ThirtParty\imgui_v1.87\imstb_truetype.h">
      <Filter>imgui</Filter>
    </ClInclude>
    <ClInclude Include="..\ThirtParty\imgui_v1.87\backends\imgui_impl_dx11.h">
      <Filter>imgui</Filter>
    </ClInclude>
    <ClInclude Include="..\ThirtParty\imgui_v1.87\backends\imgui_impl_win32.h">
      <Filter>imgui</Filter>
    </ClInclude>
    <ClInclude Include="gfx\bmp.h">
      <Filter>gfx</Filter>
    </ClInclude>
    <ClInclude Include="gfx\dx11_helper.h">
      <Filter>gfx</Filter>
    </ClInclude>
    <ClInclude Include="gfx\stb_image.h">
      <Filter>gfx</Filter>
    </ClInclude>
    <ClInclude Include="processing\async_renderer_base.h">
      <Filter>processing</Filter>
    </ClInclude>
    <ClInclude Include="processing\benchmark.h">
      <Filter>processing</Filter>
    </ClInclude>
    <ClInclude Include="processing\chunk_generator.h">
      <Filter>processing</Filter>
    </ClInclude>
    <ClInclude Include="app\app.h">
      <Filter>app</Filter>
    </ClInclude>
    <ClInclude Include="app\exceptions.h">
      <Filter>app</Filter>
    </ClInclude>
    <ClInclude Include="app\json\serializable.h">
      <Filter>app\json</Filter>
    </ClInclude>
    <ClInclude Include="math\aabb.h">
      <Filter>math</Filter>
    </ClInclude>
    <ClInclude Include="math\camera.h">
      <Filter>math</Filter>
    </ClInclude>
    <ClInclude Include="math\common.h">
      <Filter>math</Filter>
    </ClInclude>
    <ClInclude Include="math\fpexcept.h">
      <Filter>math</Filter>
    </ClInclude>
    <ClInclude Include="math\hittables.h">
      <Filter>math</Filter>
    </ClInclude>
    <ClInclude Include="math\materials.h">
      <Filter>math</Filter>
    </ClInclude>
    <ClInclude Include="math\onb.h">
      <Filter>math</Filter>
    </ClInclude>
    <ClInclude Include="math\ray.h">
      <Filter>math</Filter>
    </ClInclude>
    <ClInclude Include="math\textures.h">
      <Filter>math</Filter>
    </ClInclude>
    <ClInclude Include="math\vec3.h">
      <Filter>math</Filter>
    </ClInclude>
    <ClInclude Include="renderers\example_renderer.h">
      <Filter>renderers</Filter>
    </ClInclude>
    <ClInclude Include="renderers\reference_renderer.h">
      <Filter>renderers</Filter>
    </ClInclude>
    <ClInclude Include="math\pdf.h">
      <Filter>math</Filter>
    </ClInclude>
    <ClInclude Include="app\factories.h">
      <Filter>app</Filter>
    </ClInclude>
    <ClInclude Include="renderers\preview_renderer.h">
      <Filter>renderers</Filter>
    </ClInclude>
    <ClInclude Include="renderers\ispc_renderer.h">
      <Filter>renderers</Filter>
    </ClInclude>
    <ClInclude Include="renderers\trace_ray.h">
      <Filter>renderers</Filter>
    </ClInclude>
    <ClInclude Include="gfx\tiny_obj_loader.h">
      <Filter>gfx</Filter>
    </ClInclude>
    <ClInclude Include="app\json\vec3_json.h">
      <Filter>app\json</Filter>
    </ClInclude>
    <ClInclude Include="windows_minimal.h" />
  </ItemGroup>
  <ItemGroup>
    <Filter Include="imgui">
      <UniqueIdentifier>{f5bcb8ed-7e79-47a2-8101-c72f6f11618b}</UniqueIdentifier>
    </Filter>
    <Filter Include="gfx">
      <UniqueIdentifier>{f3a219ff-2773-4511-96db-7a99edbb2a8a}</UniqueIdentifier>
    </Filter>
    <Filter Include="processing">
      <UniqueIdentifier>{41cda635-464e-493b-889e-dee157ce371c}</UniqueIdentifier>
    </Filter>
    <Filter Include="app">
      <UniqueIdentifier>{3409d441-34d2-487e-b09f-150b0062d9d2}</UniqueIdentifier>
    </Filter>
    <Filter Include="app\json">
      <UniqueIdentifier>{43d825a4-06ed-4597-aa25-31b1ab75a5a2}</UniqueIdentifier>
    </Filter>
    <Filter Include="app\ui">
      <UniqueIdentifier>{8594a8f2-8463-427c-86ba-f6856f062b5c}</UniqueIdentifier>
    </Filter>
    <Filter Include="renderers">
      <UniqueIdentifier>{053f23db-0ee8-4515-80b4-ee8376594f49}</UniqueIdentifier>
    </Filter>
    <Filter Include="math">
      <UniqueIdentifier>{baec1bfd-a43e-4749-98b8-f37ed9248f5c}</UniqueIdentifier>
    </Filter>
  </ItemGroup>
  <ItemGroup>
    <Text Include="Notes.txt" />
  </ItemGroup>
  <ItemGroup>
    <None Include="..\README.md" />
    <None Include="renderers\trace_ray.ispc">
      <Filter>renderers</Filter>
    </None>
    <None Include="renderers\trace_ray.isph">
      <Filter>renderers</Filter>
    </None>
  </ItemGroup>
</Project>